
Microsoft Visual Studio Solution File, Format Version 11.00
# Visual C++ Express 2010
Project("{8BC9CEB8-8B4A-11D0-8D11-00A0C91BC942}") = "simple_os_prog", "simple_os_prog.vcxproj", "{E5A60E92-80E2-49F6-A35D-8948277565C4}"
EndProject
Global
	GlobalSection(SolutionConfigurationPlatforms) = preSolution
		Debug|Win32 = Debug|Win32
		Release|Win32 = Release|Win32
	EndGlobalSection
	GlobalSection(ProjectConfigurationPlatforms) = postSolution
		{E5A60E92-80E2-49F6-A35D-8948277565C4}.Debug|Win32.ActiveCfg = Debug|Win32
		{E5A60E92-80E2-49F6-A35D-8948277565C4}.Debug|Win32.Build.0 = Debug|Win32
		{E5A60E92-80E2-49F6-A35D-8948277565C4}.Release|Win32.ActiveCfg = Release|Win32
		{E5A60E92-80E2-49F6-A35D-8948277565C4}.Release|Win32.Build.0 = Release|Win32
	EndGlobalSection
	GlobalSection(SolutionProperties) = preSolution
		HideSolutionNode = FALSE
	EndGlobalSection
EndGlobal
